
Microsoft Visual Studio Solution File, Format Version 12.00
# Visual Studio Version 16
VisualStudioVersion = 25.0.1703.8
MinimumVisualStudioVersion = 10.0.40219.1
Project("{FAE04EC0-301F-11D3-BF4B-00C04F79EFBC}") = "InstaScrap", "InstaScrap\InstaScrap.csproj", "{C8F31C02-DFB2-481E-9C04-93007E8EBE3B}"
EndProject
Global
	GlobalSection(SolutionConfigurationPlatforms) = preSolution
		Debug|Any CPU = Debug|Any CPU
		Release|Any CPU = Release|Any CPU
	EndGlobalSection
	GlobalSection(ProjectConfigurationPlatforms) = postSolution
		{C8F31C02-DFB2-481E-9C04-93007E8EBE3B}.Debug|Any CPU.ActiveCfg = Debug|Any CPU
		{C8F31C02-DFB2-481E-9C04-93007E8EBE3B}.Debug|Any CPU.Build.0 = Debug|Any CPU
		{C8F31C02-DFB2-481E-9C04-93007E8EBE3B}.Release|Any CPU.ActiveCfg = Release|Any CPU
		{C8F31C02-DFB2-481E-9C04-93007E8EBE3B}.Release|Any CPU.Build.0 = Release|Any CPU
	EndGlobalSection
	GlobalSection(SolutionProperties) = preSolution
		HideSolutionNode = FALSE
	EndGlobalSection
	GlobalSection(ExtensibilityGlobals) = postSolution
		SolutionGuid = {E46194D9-ACAF-4E47-A4F4-172AE3654514}
	EndGlobalSection
EndGlobal
